// !$*UTF8*$!
{
	archiveVersion = 1;
	classes = {
	};
	objectVersion = 56;
	objects = {

/* Begin PBXBuildFile section */
		70172CC22BFD084400D66F2A /* Models.swift in Sources */ = {isa = PBXBuildFile; fileRef = 70172CC12BFD084400D66F2A /* Models.swift */; };
		70172CC42BFD236700D66F2A /* Constants.swift in Sources */ = {isa = PBXBuildFile; fileRef = 70172CC32BFD236700D66F2A /* Constants.swift */; };
		70172CC92BFEAA5800D66F2A /* MockDataManager.swift in Sources */ = {isa = PBXBuildFile; fileRef = 70172CC72BFEAA4000D66F2A /* MockDataManager.swift */; };
		70172CCB2BFF2F6A00D66F2A /* OneRepMaxView.swift in Sources */ = {isa = PBXBuildFile; fileRef = 70172CCA2BFF2F6A00D66F2A /* OneRepMaxView.swift */; };
		7020DCBA2C03BB120056EF5E /* ExerciseDetailViewModel.swift in Sources */ = {isa = PBXBuildFile; fileRef = 7020DCB92C03BB120056EF5E /* ExerciseDetailViewModel.swift */; };
		7020DCBC2C03DB900056EF5E /* Extensions.swift in Sources */ = {isa = PBXBuildFile; fileRef = 7020DCBB2C03DB900056EF5E /* Extensions.swift */; };
		7020DCBE2C0596D30056EF5E /* ExerciseDetailViewModelTests.swift in Sources */ = {isa = PBXBuildFile; fileRef = 7020DCBD2C0596D30056EF5E /* ExerciseDetailViewModelTests.swift */; };
		7020DCC02C059A410056EF5E /* OneRepMaxViewModel.swift in Sources */ = {isa = PBXBuildFile; fileRef = 7020DCBF2C059A410056EF5E /* OneRepMaxViewModel.swift */; };
		7020DCC32C059A9C0056EF5E /* OneRepMaxViewModelTests.swift in Sources */ = {isa = PBXBuildFile; fileRef = 7020DCC22C059A9C0056EF5E /* OneRepMaxViewModelTests.swift */; };
		707B847A2BF86E1200F3A2A1 /* AppDelegate.swift in Sources */ = {isa = PBXBuildFile; fileRef = 707B84792BF86E1200F3A2A1 /* AppDelegate.swift */; };
		707B847C2BF86E1200F3A2A1 /* SceneDelegate.swift in Sources */ = {isa = PBXBuildFile; fileRef = 707B847B2BF86E1200F3A2A1 /* SceneDelegate.swift */; };
		707B847E2BF86E1200F3A2A1 /* ExercisesViewController.swift in Sources */ = {isa = PBXBuildFile; fileRef = 707B847D2BF86E1200F3A2A1 /* ExercisesViewController.swift */; };
		707B84832BF86E1300F3A2A1 /* Assets.xcassets in Resources */ = {isa = PBXBuildFile; fileRef = 707B84822BF86E1300F3A2A1 /* Assets.xcassets */; };
		707B84862BF86E1300F3A2A1 /* Base in Resources */ = {isa = PBXBuildFile; fileRef = 707B84852BF86E1300F3A2A1 /* Base */; };
		707B84912BF86E1300F3A2A1 /* FitbodTests.swift in Sources */ = {isa = PBXBuildFile; fileRef = 707B84902BF86E1300F3A2A1 /* FitbodTests.swift */; };
		707B849B2BF86E1300F3A2A1 /* FitbodUITests.swift in Sources */ = {isa = PBXBuildFile; fileRef = 707B849A2BF86E1300F3A2A1 /* FitbodUITests.swift */; };
		707B849D2BF86E1300F3A2A1 /* FitbodUITestsLaunchTests.swift in Sources */ = {isa = PBXBuildFile; fileRef = 707B849C2BF86E1300F3A2A1 /* FitbodUITestsLaunchTests.swift */; };
		707B84AA2BF86EB000F3A2A1 /* workoutData.csv in Resources */ = {isa = PBXBuildFile; fileRef = 707B84A92BF86EB000F3A2A1 /* workoutData.csv */; };
		707B84AC2BF8724B00F3A2A1 /* DataManager.swift in Sources */ = {isa = PBXBuildFile; fileRef = 707B84AB2BF8724B00F3A2A1 /* DataManager.swift */; };
		707B84AE2BF87BA800F3A2A1 /* ExercisesTableViewModel.swift in Sources */ = {isa = PBXBuildFile; fileRef = 707B84AD2BF87BA800F3A2A1 /* ExercisesTableViewModel.swift */; };
		709CE5382BFB2A9800D959B8 /* WorkoutTableViewCell.swift in Sources */ = {isa = PBXBuildFile; fileRef = 709CE5372BFB2A9800D959B8 /* WorkoutTableViewCell.swift */; };
		709CE53A2BFC0CDE00D959B8 /* ExerciseDetailViewController.swift in Sources */ = {isa = PBXBuildFile; fileRef = 709CE5392BFC0CDE00D959B8 /* ExerciseDetailViewController.swift */; };
		709CE53C2BFC139300D959B8 /* OneRepMaxGraphView.swift in Sources */ = {isa = PBXBuildFile; fileRef = 709CE53B2BFC139300D959B8 /* OneRepMaxGraphView.swift */; };
/* End PBXBuildFile section */

/* Begin PBXContainerItemProxy section */
		707B848D2BF86E1300F3A2A1 /* PBXContainerItemProxy */ = {
			isa = PBXContainerItemProxy;
			containerPortal = 707B846E2BF86E1200F3A2A1 /* Project object */;
			proxyType = 1;
			remoteGlobalIDString = 707B84752BF86E1200F3A2A1;
			remoteInfo = Fitbod;
		};
		707B84972BF86E1300F3A2A1 /* PBXContainerItemProxy */ = {
			isa = PBXContainerItemProxy;
			containerPortal = 707B846E2BF86E1200F3A2A1 /* Project object */;
			proxyType = 1;
			remoteGlobalIDString = 707B84752BF86E1200F3A2A1;
			remoteInfo = Fitbod;
		};
/* End PBXContainerItemProxy section */

/* Begin PBXFileReference section */
		70172CC12BFD084400D66F2A /* Models.swift */ = {isa = PBXFileReference; lastKnownFileType = sourcecode.swift; path = Models.swift; sourceTree = "<group>"; };
		70172CC32BFD236700D66F2A /* Constants.swift */ = {isa = PBXFileReference; lastKnownFileType = sourcecode.swift; path = Constants.swift; sourceTree = "<group>"; };
		70172CC72BFEAA4000D66F2A /* MockDataManager.swift */ = {isa = PBXFileReference; lastKnownFileType = sourcecode.swift; path = MockDataManager.swift; sourceTree = "<group>"; };
		70172CCA2BFF2F6A00D66F2A /* OneRepMaxView.swift */ = {isa = PBXFileReference; lastKnownFileType = sourcecode.swift; path = OneRepMaxView.swift; sourceTree = "<group>"; };
		7020DCB92C03BB120056EF5E /* ExerciseDetailViewModel.swift */ = {isa = PBXFileReference; lastKnownFileType = sourcecode.swift; path = ExerciseDetailViewModel.swift; sourceTree = "<group>"; };
		7020DCBB2C03DB900056EF5E /* Extensions.swift */ = {isa = PBXFileReference; lastKnownFileType = sourcecode.swift; path = Extensions.swift; sourceTree = "<group>"; };
		7020DCBD2C0596D30056EF5E /* ExerciseDetailViewModelTests.swift */ = {isa = PBXFileReference; lastKnownFileType = sourcecode.swift; path = ExerciseDetailViewModelTests.swift; sourceTree = "<group>"; };
		7020DCBF2C059A410056EF5E /* OneRepMaxViewModel.swift */ = {isa = PBXFileReference; lastKnownFileType = sourcecode.swift; path = OneRepMaxViewModel.swift; sourceTree = "<group>"; };
		7020DCC22C059A9C0056EF5E /* OneRepMaxViewModelTests.swift */ = {isa = PBXFileReference; lastKnownFileType = sourcecode.swift; path = OneRepMaxViewModelTests.swift; sourceTree = "<group>"; };
		707B84762BF86E1200F3A2A1 /* Fitbod.app */ = {isa = PBXFileReference; explicitFileType = wrapper.application; includeInIndex = 0; path = Fitbod.app; sourceTree = BUILT_PRODUCTS_DIR; };
		707B84792BF86E1200F3A2A1 /* AppDelegate.swift */ = {isa = PBXFileReference; lastKnownFileType = sourcecode.swift; path = AppDelegate.swift; sourceTree = "<group>"; };
		707B847B2BF86E1200F3A2A1 /* SceneDelegate.swift */ = {isa = PBXFileReference; lastKnownFileType = sourcecode.swift; path = SceneDelegate.swift; sourceTree = "<group>"; };
		707B847D2BF86E1200F3A2A1 /* ExercisesViewController.swift */ = {isa = PBXFileReference; lastKnownFileType = sourcecode.swift; path = ExercisesViewController.swift; sourceTree = "<group>"; };
		707B84822BF86E1300F3A2A1 /* Assets.xcassets */ = {isa = PBXFileReference; lastKnownFileType = folder.assetcatalog; path = Assets.xcassets; sourceTree = "<group>"; };
		707B84852BF86E1300F3A2A1 /* Base */ = {isa = PBXFileReference; lastKnownFileType = file.storyboard; name = Base; path = Base.lproj/LaunchScreen.storyboard; sourceTree = "<group>"; };
		707B84872BF86E1300F3A2A1 /* Info.plist */ = {isa = PBXFileReference; lastKnownFileType = text.plist.xml; path = Info.plist; sourceTree = "<group>"; };
		707B848C2BF86E1300F3A2A1 /* FitbodTests.xctest */ = {isa = PBXFileReference; explicitFileType = wrapper.cfbundle; includeInIndex = 0; path = FitbodTests.xctest; sourceTree = BUILT_PRODUCTS_DIR; };
		707B84902BF86E1300F3A2A1 /* FitbodTests.swift */ = {isa = PBXFileReference; lastKnownFileType = sourcecode.swift; path = FitbodTests.swift; sourceTree = "<group>"; };
		707B84962BF86E1300F3A2A1 /* FitbodUITests.xctest */ = {isa = PBXFileReference; explicitFileType = wrapper.cfbundle; includeInIndex = 0; path = FitbodUITests.xctest; sourceTree = BUILT_PRODUCTS_DIR; };
		707B849A2BF86E1300F3A2A1 /* FitbodUITests.swift */ = {isa = PBXFileReference; lastKnownFileType = sourcecode.swift; path = FitbodUITests.swift; sourceTree = "<group>"; };
		707B849C2BF86E1300F3A2A1 /* FitbodUITestsLaunchTests.swift */ = {isa = PBXFileReference; lastKnownFileType = sourcecode.swift; path = FitbodUITestsLaunchTests.swift; sourceTree = "<group>"; };
		707B84A92BF86EB000F3A2A1 /* workoutData.csv */ = {isa = PBXFileReference; fileEncoding = 4; lastKnownFileType = text; path = workoutData.csv; sourceTree = "<group>"; };
		707B84AB2BF8724B00F3A2A1 /* DataManager.swift */ = {isa = PBXFileReference; lastKnownFileType = sourcecode.swift; path = DataManager.swift; sourceTree = "<group>"; };
		707B84AD2BF87BA800F3A2A1 /* ExercisesTableViewModel.swift */ = {isa = PBXFileReference; lastKnownFileType = sourcecode.swift; path = ExercisesTableViewModel.swift; sourceTree = "<group>"; };
		709CE5372BFB2A9800D959B8 /* WorkoutTableViewCell.swift */ = {isa = PBXFileReference; lastKnownFileType = sourcecode.swift; path = WorkoutTableViewCell.swift; sourceTree = "<group>"; };
		709CE5392BFC0CDE00D959B8 /* ExerciseDetailViewController.swift */ = {isa = PBXFileReference; lastKnownFileType = sourcecode.swift; path = ExerciseDetailViewController.swift; sourceTree = "<group>"; };
		709CE53B2BFC139300D959B8 /* OneRepMaxGraphView.swift */ = {isa = PBXFileReference; lastKnownFileType = sourcecode.swift; path = OneRepMaxGraphView.swift; sourceTree = "<group>"; };
/* End PBXFileReference section */

/* Begin PBXFrameworksBuildPhase section */
		707B84732BF86E1200F3A2A1 /* Frameworks */ = {
			isa = PBXFrameworksBuildPhase;
			buildActionMask = 2147483647;
			files = (
			);
			runOnlyForDeploymentPostprocessing = 0;
		};
		707B84892BF86E1300F3A2A1 /* Frameworks */ = {
			isa = PBXFrameworksBuildPhase;
			buildActionMask = 2147483647;
			files = (
			);
			runOnlyForDeploymentPostprocessing = 0;
		};
		707B84932BF86E1300F3A2A1 /* Frameworks */ = {
			isa = PBXFrameworksBuildPhase;
			buildActionMask = 2147483647;
			files = (
			);
			runOnlyForDeploymentPostprocessing = 0;
		};
/* End PBXFrameworksBuildPhase section */

/* Begin PBXGroup section */
		70172CCC2C01602800D66F2A /* Views */ = {
			isa = PBXGroup;
			children = (
				709CE5372BFB2A9800D959B8 /* WorkoutTableViewCell.swift */,
				709CE53B2BFC139300D959B8 /* OneRepMaxGraphView.swift */,
				70172CCA2BFF2F6A00D66F2A /* OneRepMaxView.swift */,
			);
			path = Views;
			sourceTree = "<group>";
		};
		7020DCC12C059A680056EF5E /* ViewModel */ = {
			isa = PBXGroup;
			children = (
				7020DCB92C03BB120056EF5E /* ExerciseDetailViewModel.swift */,
				7020DCBF2C059A410056EF5E /* OneRepMaxViewModel.swift */,
				707B84AD2BF87BA800F3A2A1 /* ExercisesTableViewModel.swift */,
			);
			path = ViewModel;
			sourceTree = "<group>";
		};
		7020DCC42C059C3F0056EF5E /* Controllers */ = {
			isa = PBXGroup;
			children = (
				707B847D2BF86E1200F3A2A1 /* ExercisesViewController.swift */,
				709CE5392BFC0CDE00D959B8 /* ExerciseDetailViewController.swift */,
			);
			path = Controllers;
			sourceTree = "<group>";
		};
		707B846D2BF86E1200F3A2A1 = {
			isa = PBXGroup;
			children = (
				707B84782BF86E1200F3A2A1 /* Fitbod */,
				707B848F2BF86E1300F3A2A1 /* FitbodTests */,
				707B84992BF86E1300F3A2A1 /* FitbodUITests */,
				707B84772BF86E1200F3A2A1 /* Products */,
			);
			sourceTree = "<group>";
		};
		707B84772BF86E1200F3A2A1 /* Products */ = {
			isa = PBXGroup;
			children = (
				707B84762BF86E1200F3A2A1 /* Fitbod.app */,
				707B848C2BF86E1300F3A2A1 /* FitbodTests.xctest */,
				707B84962BF86E1300F3A2A1 /* FitbodUITests.xctest */,
			);
			name = Products;
			sourceTree = "<group>";
		};
		707B84782BF86E1200F3A2A1 /* Fitbod */ = {
			isa = PBXGroup;
			children = (
				7020DCC42C059C3F0056EF5E /* Controllers */,
				7020DCC12C059A680056EF5E /* ViewModel */,
				70172CCC2C01602800D66F2A /* Views */,
				707B84A92BF86EB000F3A2A1 /* workoutData.csv */,
				707B84792BF86E1200F3A2A1 /* AppDelegate.swift */,
				707B847B2BF86E1200F3A2A1 /* SceneDelegate.swift */,
				707B84822BF86E1300F3A2A1 /* Assets.xcassets */,
				707B84842BF86E1300F3A2A1 /* LaunchScreen.storyboard */,
				707B84872BF86E1300F3A2A1 /* Info.plist */,
				707B84AB2BF8724B00F3A2A1 /* DataManager.swift */,
				70172CC12BFD084400D66F2A /* Models.swift */,
				70172CC32BFD236700D66F2A /* Constants.swift */,
				70172CC72BFEAA4000D66F2A /* MockDataManager.swift */,
				7020DCBB2C03DB900056EF5E /* Extensions.swift */,
			);
			path = Fitbod;
			sourceTree = "<group>";
		};
		707B848F2BF86E1300F3A2A1 /* FitbodTests */ = {
			isa = PBXGroup;
			children = (
				707B84902BF86E1300F3A2A1 /* FitbodTests.swift */,
				7020DCBD2C0596D30056EF5E /* ExerciseDetailViewModelTests.swift */,
				7020DCC22C059A9C0056EF5E /* OneRepMaxViewModelTests.swift */,
			);
			path = FitbodTests;
			sourceTree = "<group>";
		};
		707B84992BF86E1300F3A2A1 /* FitbodUITests */ = {
			isa = PBXGroup;
			children = (
				707B849A2BF86E1300F3A2A1 /* FitbodUITests.swift */,
				707B849C2BF86E1300F3A2A1 /* FitbodUITestsLaunchTests.swift */,
			);
			path = FitbodUITests;
			sourceTree = "<group>";
		};
/* End PBXGroup section */

/* Begin PBXNativeTarget section */
		707B84752BF86E1200F3A2A1 /* Fitbod */ = {
			isa = PBXNativeTarget;
			buildConfigurationList = 707B84A02BF86E1300F3A2A1 /* Build configuration list for PBXNativeTarget "Fitbod" */;
			buildPhases = (
				707B84722BF86E1200F3A2A1 /* Sources */,
				707B84732BF86E1200F3A2A1 /* Frameworks */,
				707B84742BF86E1200F3A2A1 /* Resources */,
			);
			buildRules = (
			);
			dependencies = (
			);
			name = Fitbod;
			productName = Fitbod;
			productReference = 707B84762BF86E1200F3A2A1 /* Fitbod.app */;
			productType = "com.apple.product-type.application";
		};
		707B848B2BF86E1300F3A2A1 /* FitbodTests */ = {
			isa = PBXNativeTarget;
			buildConfigurationList = 707B84A32BF86E1300F3A2A1 /* Build configuration list for PBXNativeTarget "FitbodTests" */;
			buildPhases = (
				707B84882BF86E1300F3A2A1 /* Sources */,
				707B84892BF86E1300F3A2A1 /* Frameworks */,
				707B848A2BF86E1300F3A2A1 /* Resources */,
			);
			buildRules = (
			);
			dependencies = (
				707B848E2BF86E1300F3A2A1 /* PBXTargetDependency */,
			);
			name = FitbodTests;
			productName = FitbodTests;
			productReference = 707B848C2BF86E1300F3A2A1 /* FitbodTests.xctest */;
			productType = "com.apple.product-type.bundle.unit-test";
		};
		707B84952BF86E1300F3A2A1 /* FitbodUITests */ = {
			isa = PBXNativeTarget;
			buildConfigurationList = 707B84A62BF86E1300F3A2A1 /* Build configuration list for PBXNativeTarget "FitbodUITests" */;
			buildPhases = (
				707B84922BF86E1300F3A2A1 /* Sources */,
				707B84932BF86E1300F3A2A1 /* Frameworks */,
				707B84942BF86E1300F3A2A1 /* Resources */,
			);
			buildRules = (
			);
			dependencies = (
				707B84982BF86E1300F3A2A1 /* PBXTargetDependency */,
			);
			name = FitbodUITests;
			productName = FitbodUITests;
			productReference = 707B84962BF86E1300F3A2A1 /* FitbodUITests.xctest */;
			productType = "com.apple.product-type.bundle.ui-testing";
		};
/* End PBXNativeTarget section */

/* Begin PBXProject section */
		707B846E2BF86E1200F3A2A1 /* Project object */ = {
			isa = PBXProject;
			attributes = {
				BuildIndependentTargetsInParallel = 1;
				LastSwiftUpdateCheck = 1530;
				LastUpgradeCheck = 1530;
				TargetAttributes = {
					707B84752BF86E1200F3A2A1 = {
						CreatedOnToolsVersion = 15.3;
					};
					707B848B2BF86E1300F3A2A1 = {
						CreatedOnToolsVersion = 15.3;
						TestTargetID = 707B84752BF86E1200F3A2A1;
					};
					707B84952BF86E1300F3A2A1 = {
						CreatedOnToolsVersion = 15.3;
						TestTargetID = 707B84752BF86E1200F3A2A1;
					};
				};
			};
			buildConfigurationList = 707B84712BF86E1200F3A2A1 /* Build configuration list for PBXProject "Fitbod" */;
			compatibilityVersion = "Xcode 14.0";
			developmentRegion = en;
			hasScannedForEncodings = 0;
			knownRegions = (
				en,
				Base,
			);
			mainGroup = 707B846D2BF86E1200F3A2A1;
			productRefGroup = 707B84772BF86E1200F3A2A1 /* Products */;
			projectDirPath = "";
			projectRoot = "";
			targets = (
				707B84752BF86E1200F3A2A1 /* Fitbod */,
				707B848B2BF86E1300F3A2A1 /* FitbodTests */,
				707B84952BF86E1300F3A2A1 /* FitbodUITests */,
			);
		};
/* End PBXProject section */

/* Begin PBXResourcesBuildPhase section */
		707B84742BF86E1200F3A2A1 /* Resources */ = {
			isa = PBXResourcesBuildPhase;
			buildActionMask = 2147483647;
			files = (
				707B84832BF86E1300F3A2A1 /* Assets.xcassets in Resources */,
				707B84862BF86E1300F3A2A1 /* Base in Resources */,
				707B84AA2BF86EB000F3A2A1 /* workoutData.csv in Resources */,
			);
			runOnlyForDeploymentPostprocessing = 0;
		};
		707B848A2BF86E1300F3A2A1 /* Resources */ = {
			isa = PBXResourcesBuildPhase;
			buildActionMask = 2147483647;
			files = (
			);
			runOnlyForDeploymentPostprocessing = 0;
		};
		707B84942BF86E1300F3A2A1 /* Resources */ = {
			isa = PBXResourcesBuildPhase;
			buildActionMask = 2147483647;
			files = (
			);
			runOnlyForDeploymentPostprocessing = 0;
		};
/* End PBXResourcesBuildPhase section */

/* Begin PBXSourcesBuildPhase section */
		707B84722BF86E1200F3A2A1 /* Sources */ = {
			isa = PBXSourcesBuildPhase;
			buildActionMask = 2147483647;
			files = (
				70172CCB2BFF2F6A00D66F2A /* OneRepMaxView.swift in Sources */,
				709CE53C2BFC139300D959B8 /* OneRepMaxGraphView.swift in Sources */,
				707B847E2BF86E1200F3A2A1 /* ExercisesViewController.swift in Sources */,
				709CE53A2BFC0CDE00D959B8 /* ExerciseDetailViewController.swift in Sources */,
				709CE5382BFB2A9800D959B8 /* WorkoutTableViewCell.swift in Sources */,
				7020DCC02C059A410056EF5E /* OneRepMaxViewModel.swift in Sources */,
				7020DCBA2C03BB120056EF5E /* ExerciseDetailViewModel.swift in Sources */,
				707B84AC2BF8724B00F3A2A1 /* DataManager.swift in Sources */,
				70172CC92BFEAA5800D66F2A /* MockDataManager.swift in Sources */,
				70172CC42BFD236700D66F2A /* Constants.swift in Sources */,
				707B847A2BF86E1200F3A2A1 /* AppDelegate.swift in Sources */,
				70172CC22BFD084400D66F2A /* Models.swift in Sources */,
				707B847C2BF86E1200F3A2A1 /* SceneDelegate.swift in Sources */,
				707B84AE2BF87BA800F3A2A1 /* ExercisesTableViewModel.swift in Sources */,
				7020DCBC2C03DB900056EF5E /* Extensions.swift in Sources */,
			);
			runOnlyForDeploymentPostprocessing = 0;
		};
		707B84882BF86E1300F3A2A1 /* Sources */ = {
			isa = PBXSourcesBuildPhase;
			buildActionMask = 2147483647;
			files = (
				707B84912BF86E1300F3A2A1 /* FitbodTests.swift in Sources */,
				7020DCC32C059A9C0056EF5E /* OneRepMaxViewModelTests.swift in Sources */,
				7020DCBE2C0596D30056EF5E /* ExerciseDetailViewModelTests.swift in Sources */,
			);
			runOnlyForDeploymentPostprocessing = 0;
		};
		707B84922BF86E1300F3A2A1 /* Sources */ = {
			isa = PBXSourcesBuildPhase;
			buildActionMask = 2147483647;
			files = (
				707B849D2BF86E1300F3A2A1 /* FitbodUITestsLaunchTests.swift in Sources */,
				707B849B2BF86E1300F3A2A1 /* FitbodUITests.swift in Sources */,
			);
			runOnlyForDeploymentPostprocessing = 0;
		};
/* End PBXSourcesBuildPhase section */

/* Begin PBXTargetDependency section */
		707B848E2BF86E1300F3A2A1 /* PBXTargetDependency */ = {
			isa = PBXTargetDependency;
			target = 707B84752BF86E1200F3A2A1 /* Fitbod */;
			targetProxy = 707B848D2BF86E1300F3A2A1 /* PBXContainerItemProxy */;
		};
		707B84982BF86E1300F3A2A1 /* PBXTargetDependency */ = {
			isa = PBXTargetDependency;
			target = 707B84752BF86E1200F3A2A1 /* Fitbod */;
			targetProxy = 707B84972BF86E1300F3A2A1 /* PBXContainerItemProxy */;
		};
/* End PBXTargetDependency section */

/* Begin PBXVariantGroup section */
		707B84842BF86E1300F3A2A1 /* LaunchScreen.storyboard */ = {
			isa = PBXVariantGroup;
			children = (
				707B84852BF86E1300F3A2A1 /* Base */,
			);
			name = LaunchScreen.storyboard;
			sourceTree = "<group>";
		};
/* End PBXVariantGroup section */

/* Begin XCBuildConfiguration section */
		707B849E2BF86E1300F3A2A1 /* Debug */ = {
			isa = XCBuildConfiguration;
			buildSettings = {
				ALWAYS_SEARCH_USER_PATHS = NO;
				ASSETCATALOG_COMPILER_GENERATE_SWIFT_ASSET_SYMBOL_EXTENSIONS = YES;
				CLANG_ANALYZER_NONNULL = YES;
				CLANG_ANALYZER_NUMBER_OBJECT_CONVERSION = YES_AGGRESSIVE;
				CLANG_CXX_LANGUAGE_STANDARD = "gnu++20";
				CLANG_ENABLE_MODULES = YES;
				CLANG_ENABLE_OBJC_ARC = YES;
				CLANG_ENABLE_OBJC_WEAK = YES;
				CLANG_WARN_BLOCK_CAPTURE_AUTORELEASING = YES;
				CLANG_WARN_BOOL_CONVERSION = YES;
				CLANG_WARN_COMMA = YES;
				CLANG_WARN_CONSTANT_CONVERSION = YES;
				CLANG_WARN_DEPRECATED_OBJC_IMPLEMENTATIONS = YES;
				CLANG_WARN_DIRECT_OBJC_ISA_USAGE = YES_ERROR;
				CLANG_WARN_DOCUMENTATION_COMMENTS = YES;
				CLANG_WARN_EMPTY_BODY = YES;
				CLANG_WARN_ENUM_CONVERSION = YES;
				CLANG_WARN_INFINITE_RECURSION = YES;
				CLANG_WARN_INT_CONVERSION = YES;
				CLANG_WARN_NON_LITERAL_NULL_CONVERSION = YES;
				CLANG_WARN_OBJC_IMPLICIT_RETAIN_SELF = YES;
				CLANG_WARN_OBJC_LITERAL_CONVERSION = YES;
				CLANG_WARN_OBJC_ROOT_CLASS = YES_ERROR;
				CLANG_WARN_QUOTED_INCLUDE_IN_FRAMEWORK_HEADER = YES;
				CLANG_WARN_RANGE_LOOP_ANALYSIS = YES;
				CLANG_WARN_STRICT_PROTOTYPES = YES;
				CLANG_WARN_SUSPICIOUS_MOVE = YES;
				CLANG_WARN_UNGUARDED_AVAILABILITY = YES_AGGRESSIVE;
				CLANG_WARN_UNREACHABLE_CODE = YES;
				CLANG_WARN__DUPLICATE_METHOD_MATCH = YES;
				COPY_PHASE_STRIP = NO;
				DEBUG_INFORMATION_FORMAT = dwarf;
				ENABLE_STRICT_OBJC_MSGSEND = YES;
				ENABLE_TESTABILITY = YES;
				ENABLE_USER_SCRIPT_SANDBOXING = YES;
				GCC_C_LANGUAGE_STANDARD = gnu17;
				GCC_DYNAMIC_NO_PIC = NO;
				GCC_NO_COMMON_BLOCKS = YES;
				GCC_OPTIMIZATION_LEVEL = 0;
				GCC_PREPROCESSOR_DEFINITIONS = (
					"DEBUG=1",
					"$(inherited)",
				);
				GCC_WARN_64_TO_32_BIT_CONVERSION = YES;
				GCC_WARN_ABOUT_RETURN_TYPE = YES_ERROR;
				GCC_WARN_UNDECLARED_SELECTOR = YES;
				GCC_WARN_UNINITIALIZED_AUTOS = YES_AGGRESSIVE;
				GCC_WARN_UNUSED_FUNCTION = YES;
				GCC_WARN_UNUSED_VARIABLE = YES;
				IPHONEOS_DEPLOYMENT_TARGET = 17.4;
				LOCALIZATION_PREFERS_STRING_CATALOGS = YES;
				MTL_ENABLE_DEBUG_INFO = INCLUDE_SOURCE;
				MTL_FAST_MATH = YES;
				ONLY_ACTIVE_ARCH = YES;
				SDKROOT = iphoneos;
				SWIFT_ACTIVE_COMPILATION_CONDITIONS = "DEBUG $(inherited)";
				SWIFT_OPTIMIZATION_LEVEL = "-Onone";
			};
			name = Debug;
		};
		707B849F2BF86E1300F3A2A1 /* Release */ = {
			isa = XCBuildConfiguration;
			buildSettings = {
				ALWAYS_SEARCH_USER_PATHS = NO;
				ASSETCATALOG_COMPILER_GENERATE_SWIFT_ASSET_SYMBOL_EXTENSIONS = YES;
				CLANG_ANALYZER_NONNULL = YES;
				CLANG_ANALYZER_NUMBER_OBJECT_CONVERSION = YES_AGGRESSIVE;
				CLANG_CXX_LANGUAGE_STANDARD = "gnu++20";
				CLANG_ENABLE_MODULES = YES;
				CLANG_ENABLE_OBJC_ARC = YES;
				CLANG_ENABLE_OBJC_WEAK = YES;
				CLANG_WARN_BLOCK_CAPTURE_AUTORELEASING = YES;
				CLANG_WARN_BOOL_CONVERSION = YES;
				CLANG_WARN_COMMA = YES;
				CLANG_WARN_CONSTANT_CONVERSION = YES;
				CLANG_WARN_DEPRECATED_OBJC_IMPLEMENTATIONS = YES;
				CLANG_WARN_DIRECT_OBJC_ISA_USAGE = YES_ERROR;
				CLANG_WARN_DOCUMENTATION_COMMENTS = YES;
				CLANG_WARN_EMPTY_BODY = YES;
				CLANG_WARN_ENUM_CONVERSION = YES;
				CLANG_WARN_INFINITE_RECURSION = YES;
				CLANG_WARN_INT_CONVERSION = YES;
				CLANG_WARN_NON_LITERAL_NULL_CONVERSION = YES;
				CLANG_WARN_OBJC_IMPLICIT_RETAIN_SELF = YES;
				CLANG_WARN_OBJC_LITERAL_CONVERSION = YES;
				CLANG_WARN_OBJC_ROOT_CLASS = YES_ERROR;
				CLANG_WARN_QUOTED_INCLUDE_IN_FRAMEWORK_HEADER = YES;
				CLANG_WARN_RANGE_LOOP_ANALYSIS = YES;
				CLANG_WARN_STRICT_PROTOTYPES = YES;
				CLANG_WARN_SUSPICIOUS_MOVE = YES;
				CLANG_WARN_UNGUARDED_AVAILABILITY = YES_AGGRESSIVE;
				CLANG_WARN_UNREACHABLE_CODE = YES;
				CLANG_WARN__DUPLICATE_METHOD_MATCH = YES;
				COPY_PHASE_STRIP = NO;
				DEBUG_INFORMATION_FORMAT = "dwarf-with-dsym";
				ENABLE_NS_ASSERTIONS = NO;
				ENABLE_STRICT_OBJC_MSGSEND = YES;
				ENABLE_USER_SCRIPT_SANDBOXING = YES;
				GCC_C_LANGUAGE_STANDARD = gnu17;
				GCC_NO_COMMON_BLOCKS = YES;
				GCC_WARN_64_TO_32_BIT_CONVERSION = YES;
				GCC_WARN_ABOUT_RETURN_TYPE = YES_ERROR;
				GCC_WARN_UNDECLARED_SELECTOR = YES;
				GCC_WARN_UNINITIALIZED_AUTOS = YES_AGGRESSIVE;
				GCC_WARN_UNUSED_FUNCTION = YES;
				GCC_WARN_UNUSED_VARIABLE = YES;
				IPHONEOS_DEPLOYMENT_TARGET = 17.4;
				LOCALIZATION_PREFERS_STRING_CATALOGS = YES;
				MTL_ENABLE_DEBUG_INFO = NO;
				MTL_FAST_MATH = YES;
				SDKROOT = iphoneos;
				SWIFT_COMPILATION_MODE = wholemodule;
				VALIDATE_PRODUCT = YES;
			};
			name = Release;
		};
		707B84A12BF86E1300F3A2A1 /* Debug */ = {
			isa = XCBuildConfiguration;
			buildSettings = {
				ASSETCATALOG_COMPILER_APPICON_NAME = AppIcon;
				ASSETCATALOG_COMPILER_GLOBAL_ACCENT_COLOR_NAME = AccentColor;
				CODE_SIGN_STYLE = Automatic;
				CURRENT_PROJECT_VERSION = 1;
				DEVELOPMENT_TEAM = GNMSVT9QR6;
				GENERATE_INFOPLIST_FILE = YES;
				INFOPLIST_FILE = Fitbod/Info.plist;
				INFOPLIST_KEY_UIApplicationSupportsIndirectInputEvents = YES;
				INFOPLIST_KEY_UILaunchStoryboardName = LaunchScreen;
				INFOPLIST_KEY_UIMainStoryboardFile = "";
				INFOPLIST_KEY_UISupportedInterfaceOrientations_iPad = "UIInterfaceOrientationPortrait UIInterfaceOrientationPortraitUpsideDown UIInterfaceOrientationLandscapeLeft UIInterfaceOrientationLandscapeRight";
				INFOPLIST_KEY_UISupportedInterfaceOrientations_iPhone = "UIInterfaceOrientationPortrait UIInterfaceOrientationLandscapeLeft UIInterfaceOrientationLandscapeRight";
				LD_RUNPATH_SEARCH_PATHS = (
					"$(inherited)",
					"@executable_path/Frameworks",
				);
				MARKETING_VERSION = 1.0;
				PRODUCT_BUNDLE_IDENTIFIER = com.haas.Fitbod;
				PRODUCT_NAME = "$(TARGET_NAME)";
				SWIFT_EMIT_LOC_STRINGS = YES;
				SWIFT_VERSION = 5.0;
				TARGETED_DEVICE_FAMILY = "1,2";
			};
			name = Debug;
		};
		707B84A22BF86E1300F3A2A1 /* Release */ = {
			isa = XCBuildConfiguration;
			buildSettings = {
				ASSETCATALOG_COMPILER_APPICON_NAME = AppIcon;
				ASSETCATALOG_COMPILER_GLOBAL_ACCENT_COLOR_NAME = AccentColor;
				CODE_SIGN_STYLE = Automatic;
				CURRENT_PROJECT_VERSION = 1;
				DEVELOPMENT_TEAM = GNMSVT9QR6;
				GENERATE_INFOPLIST_FILE = YES;
				INFOPLIST_FILE = Fitbod/Info.plist;
				INFOPLIST_KEY_UIApplicationSupportsIndirectInputEvents = YES;
				INFOPLIST_KEY_UILaunchStoryboardName = LaunchScreen;
				INFOPLIST_KEY_UIMainStoryboardFile = "";
				INFOPLIST_KEY_UISupportedInterfaceOrientations_iPad = "UIInterfaceOrientationPortrait UIInterfaceOrientationPortraitUpsideDown UIInterfaceOrientationLandscapeLeft UIInterfaceOrientationLandscapeRight";
				INFOPLIST_KEY_UISupportedInterfaceOrientations_iPhone = "UIInterfaceOrientationPortrait UIInterfaceOrientationLandscapeLeft UIInterfaceOrientationLandscapeRight";
				LD_RUNPATH_SEARCH_PATHS = (
					"$(inherited)",
					"@executable_path/Frameworks",
				);
				MARKETING_VERSION = 1.0;
				PRODUCT_BUNDLE_IDENTIFIER = com.haas.Fitbod;
				PRODUCT_NAME = "$(TARGET_NAME)";
				SWIFT_EMIT_LOC_STRINGS = YES;
				SWIFT_VERSION = 5.0;
				TARGETED_DEVICE_FAMILY = "1,2";
			};
			name = Release;
		};
		707B84A42BF86E1300F3A2A1 /* Debug */ = {
			isa = XCBuildConfiguration;
			buildSettings = {
				ALWAYS_EMBED_SWIFT_STANDARD_LIBRARIES = YES;
				BUNDLE_LOADER = "$(TEST_HOST)";
				CODE_SIGN_STYLE = Automatic;
				CURRENT_PROJECT_VERSION = 1;
				DEVELOPMENT_TEAM = GNMSVT9QR6;
				GENERATE_INFOPLIST_FILE = YES;
				IPHONEOS_DEPLOYMENT_TARGET = 17.4;
				MARKETING_VERSION = 1.0;
				PRODUCT_BUNDLE_IDENTIFIER = com.haas.FitbodTests;
				PRODUCT_NAME = "$(TARGET_NAME)";
				SWIFT_EMIT_LOC_STRINGS = NO;
				SWIFT_VERSION = 5.0;
				TARGETED_DEVICE_FAMILY = "1,2";
				TEST_HOST = "$(BUILT_PRODUCTS_DIR)/Fitbod.app/$(BUNDLE_EXECUTABLE_FOLDER_PATH)/Fitbod";
			};
			name = Debug;
		};
		707B84A52BF86E1300F3A2A1 /* Release */ = {
			isa = XCBuildConfiguration;
			buildSettings = {
				ALWAYS_EMBED_SWIFT_STANDARD_LIBRARIES = YES;
				BUNDLE_LOADER = "$(TEST_HOST)";
				CODE_SIGN_STYLE = Automatic;
				CURRENT_PROJECT_VERSION = 1;
				DEVELOPMENT_TEAM = GNMSVT9QR6;
				GENERATE_INFOPLIST_FILE = YES;
				IPHONEOS_DEPLOYMENT_TARGET = 17.4;
				MARKETING_VERSION = 1.0;
				PRODUCT_BUNDLE_IDENTIFIER = com.haas.FitbodTests;
				PRODUCT_NAME = "$(TARGET_NAME)";
				SWIFT_EMIT_LOC_STRINGS = NO;
				SWIFT_VERSION = 5.0;
				TARGETED_DEVICE_FAMILY = "1,2";
				TEST_HOST = "$(BUILT_PRODUCTS_DIR)/Fitbod.app/$(BUNDLE_EXECUTABLE_FOLDER_PATH)/Fitbod";
			};
			name = Release;
		};
		707B84A72BF86E1300F3A2A1 /* Debug */ = {
			isa = XCBuildConfiguration;
			buildSettings = {
				ALWAYS_EMBED_SWIFT_STANDARD_LIBRARIES = YES;
				CODE_SIGN_STYLE = Automatic;
				CURRENT_PROJECT_VERSION = 1;
				DEVELOPMENT_TEAM = GNMSVT9QR6;
				GENERATE_INFOPLIST_FILE = YES;
				MARKETING_VERSION = 1.0;
				PRODUCT_BUNDLE_IDENTIFIER = com.haas.FitbodUITests;
				PRODUCT_NAME = "$(TARGET_NAME)";
				SWIFT_EMIT_LOC_STRINGS = NO;
				SWIFT_VERSION = 5.0;
				TARGETED_DEVICE_FAMILY = "1,2";
				TEST_TARGET_NAME = Fitbod;
			};
			name = Debug;
		};
		707B84A82BF86E1300F3A2A1 /* Release */ = {
			isa = XCBuildConfiguration;
			buildSettings = {
				ALWAYS_EMBED_SWIFT_STANDARD_LIBRARIES = YES;
				CODE_SIGN_STYLE = Automatic;
				CURRENT_PROJECT_VERSION = 1;
				DEVELOPMENT_TEAM = GNMSVT9QR6;
				GENERATE_INFOPLIST_FILE = YES;
				MARKETING_VERSION = 1.0;
				PRODUCT_BUNDLE_IDENTIFIER = com.haas.FitbodUITests;
				PRODUCT_NAME = "$(TARGET_NAME)";
				SWIFT_EMIT_LOC_STRINGS = NO;
				SWIFT_VERSION = 5.0;
				TARGETED_DEVICE_FAMILY = "1,2";
				TEST_TARGET_NAME = Fitbod;
			};
			name = Release;
		};
/* End XCBuildConfiguration section */

/* Begin XCConfigurationList section */
		707B84712BF86E1200F3A2A1 /* Build configuration list for PBXProject "Fitbod" */ = {
			isa = XCConfigurationList;
			buildConfigurations = (
				707B849E2BF86E1300F3A2A1 /* Debug */,
				707B849F2BF86E1300F3A2A1 /* Release */,
			);
			defaultConfigurationIsVisible = 0;
			defaultConfigurationName = Release;
		};
		707B84A02BF86E1300F3A2A1 /* Build configuration list for PBXNativeTarget "Fitbod" */ = {
			isa = XCConfigurationList;
			buildConfigurations = (
				707B84A12BF86E1300F3A2A1 /* Debug */,
				707B84A22BF86E1300F3A2A1 /* Release */,
			);
			defaultConfigurationIsVisible = 0;
			defaultConfigurationName = Release;
		};
		707B84A32BF86E1300F3A2A1 /* Build configuration list for PBXNativeTarget "FitbodTests" */ = {
			isa = XCConfigurationList;
			buildConfigurations = (
				707B84A42BF86E1300F3A2A1 /* Debug */,
				707B84A52BF86E1300F3A2A1 /* Release */,
			);
			defaultConfigurationIsVisible = 0;
			defaultConfigurationName = Release;
		};
		707B84A62BF86E1300F3A2A1 /* Build configuration list for PBXNativeTarget "FitbodUITests" */ = {
			isa = XCConfigurationList;
			buildConfigurations = (
				707B84A72BF86E1300F3A2A1 /* Debug */,
				707B84A82BF86E1300F3A2A1 /* Release */,
			);
			defaultConfigurationIsVisible = 0;
			defaultConfigurationName = Release;
		};
/* End XCConfigurationList section */
	};
	rootObject = 707B846E2BF86E1200F3A2A1 /* Project object */;
}
